
Microsoft Visual Studio Solution File, Format Version 12.00
# Visual Studio Version 17
VisualStudioVersion = 17.13.35818.85 d17.13
MinimumVisualStudioVersion = 10.0.40219.1
Project("{FAE04EC0-301F-11D3-BF4B-00C04F79EFBC}") = "TALLER 1", "TALLER 1\TALLER 1.csproj", "{169B6476-3E21-47AB-9ED9-E961E7009728}"
EndProject
Global
	GlobalSection(SolutionConfigurationPlatforms) = preSolution
		Debug|Any CPU = Debug|Any CPU
		Release|Any CPU = Release|Any CPU
	EndGlobalSection
	GlobalSection(ProjectConfigurationPlatforms) = postSolution
		{169B6476-3E21-47AB-9ED9-E961E7009728}.Debug|Any CPU.ActiveCfg = Debug|Any CPU
		{169B6476-3E21-47AB-9ED9-E961E7009728}.Debug|Any CPU.Build.0 = Debug|Any CPU
		{169B6476-3E21-47AB-9ED9-E961E7009728}.Release|Any CPU.ActiveCfg = Release|Any CPU
		{169B6476-3E21-47AB-9ED9-E961E7009728}.Release|Any CPU.Build.0 = Release|Any CPU
	EndGlobalSection
	GlobalSection(SolutionProperties) = preSolution
		HideSolutionNode = FALSE
	EndGlobalSection
	GlobalSection(ExtensibilityGlobals) = postSolution
		SolutionGuid = {F1D3E93E-9D9B-4276-8BEE-C1AD3FD7C9F4}
	EndGlobalSection
EndGlobal
